
Microsoft Visual Studio Solution File, Format Version 12.00
Project("{FAE04EC0-301F-11D3-BF4B-00C04F79EFBC}") = "ConsoleApplication1", "ConsoleApplication1\ConsoleApplication1.csproj", "{FAC38C3E-7796-4116-8C67-36C2F4E6CAAD}"
EndProject
Global
	GlobalSection(SolutionConfigurationPlatforms) = preSolution
		Debug|Any CPU = Debug|Any CPU
		Release|Any CPU = Release|Any CPU
	EndGlobalSection
	GlobalSection(ProjectConfigurationPlatforms) = postSolution
		{FAC38C3E-7796-4116-8C67-36C2F4E6CAAD}.Debug|Any CPU.ActiveCfg = Debug|Any CPU
		{FAC38C3E-7796-4116-8C67-36C2F4E6CAAD}.Debug|Any CPU.Build.0 = Debug|Any CPU
		{FAC38C3E-7796-4116-8C67-36C2F4E6CAAD}.Release|Any CPU.ActiveCfg = Release|Any CPU
		{FAC38C3E-7796-4116-8C67-36C2F4E6CAAD}.Release|Any CPU.Build.0 = Release|Any CPU
	EndGlobalSection
EndGlobal
